# THIS IS AN AUTOGENERATED FILE. DO NOT EDIT THIS FILE DIRECTLY.
# yarn lockfile v1


"@types/mri@^1.1.0":
  "integrity" "sha1-ZlVeTXl3E3ieoP79rgiY2BcL9a8="
  "resolved" "http://nexus.tanzk.com:8081/repository/tzedu_npm_public/@types/mri/-/mri-1.1.0.tgz"
  "version" "1.1.0"

"minimist@^1.2.5":
  "integrity" "sha1-Z9ZgFLZqaoqqDAg8X9WN9OTpdgI="
  "resolved" "https://registry.npm.taobao.org/minimist/download/minimist-1.2.5.tgz"
  "version" "1.2.5"

"mri@^1.1.6":
  "integrity" "sha1-SZUuEETbIdv5D2zZK8nJp3fUFaY="
  "resolved" "http://nexus.tanzk.com:8081/repository/tzedu_npm_public/mri/-/mri-1.1.6.tgz"
  "version" "1.1.6"

"os@^0.1.1":
  "integrity" "sha1-IIhF6J4ZOtTZcUdLk5R3NqVtE/M="
  "resolved" "http://nexus.tanzk.com:8081/repository/tzedu_npm_public/os/-/os-0.1.1.tgz"
  "version" "0.1.1"
