# THIS IS AN AUTOGENERATED FILE. DO NOT EDIT THIS FILE DIRECTLY.
# yarn lockfile v1


"@babel/runtime@^7.10.5", "@babel/runtime@^7.14.6", "@babel/runtime@^7.7.2":
  version "7.14.8"
  resolved "https://registry.npmjs.org/@babel/runtime/-/runtime-7.14.8.tgz#7119a56f421018852694290b9f9148097391b446"
  integrity sha512-twj3L8Og5SaCRCErB4x4ajbvBIVV77CGeFglHpeg5WC5FF8TZzBWXtTJ4MqaD9QszLYTtr+IsaAL2rEUevb+eg==
  dependencies:
    regenerator-runtime "^0.13.4"

"@winfe/win-request@^1.0.34":
  version "1.0.37"
  resolved "https://registry.npmjs.org/@winfe/win-request/-/win-request-1.0.37.tgz#c71d5b8ff0306cae550f372f9ba997f0b2f9fff6"
  integrity sha512-fWt8PxU9ln27v72feNYvkanaylFKZpXVT6yME4kjsoFiBJ6F9IxTcvwzeuY6ReBAEBK16Zxf2ATNmhDXJuzc/A==
  dependencies:
    "@babel/runtime" "^7.14.6"
    js-cookie "^2.2.1"

"@winning-plugin/portal-login-plugin@^1.1.4":
  version "1.1.4"
  resolved "http://172.16.9.242:8081/repository/npm-group/@winning-plugin/portal-login-plugin/-/portal-login-plugin-1.1.4.tgz#32afe49cb19b32223cb020a748f1d1c81437998c"
  integrity sha512-uPIlEhQOVgxTXkCPKUFxkJdBK45MjWVQRX4TgNjNopkcfAG+7Qs13wpeMfyFxlzeAS+gyBC/6pUCIjDhsSOslg==
  dependencies:
    axios "^0.19.0"
    qiankun "^2.2.0"

async-validator@~1.8.1:
  version "1.8.5"
  resolved "https://registry.npmjs.org/async-validator/-/async-validator-1.8.5.tgz#dc3e08ec1fd0dddb67e60842f02c0cd1cec6d7f0"
  integrity sha512-tXBM+1m056MAX0E8TL2iCjg8WvSyXu0Zc8LNtYqrVeyoL3+esHRZ4SieE9fKQyyU09uONjnMEjrNBMqT0mbvmA==
  dependencies:
    babel-runtime "6.x"

axios@^0.19.0:
  version "0.19.2"
  resolved "https://registry.npmjs.org/axios/-/axios-0.19.2.tgz#3ea36c5d8818d0d5f8a8a97a6d36b86cdc00cb27"
  integrity sha512-fjgm5MvRHLhx+osE2xoekY70AhARk3a6hkN+3Io1jc00jtquGvxYlKlsFUhmUET0V5te6CcZI7lcv2Ym61mjHA==
  dependencies:
    follow-redirects "1.5.10"

babel-helper-vue-jsx-merge-props@^2.0.0:
  version "2.0.3"
  resolved "https://registry.npmjs.org/babel-helper-vue-jsx-merge-props/-/babel-helper-vue-jsx-merge-props-2.0.3.tgz#22aebd3b33902328e513293a8e4992b384f9f1b6"
  integrity sha512-gsLiKK7Qrb7zYJNgiXKpXblxbV5ffSwR0f5whkPAaBAR4fhi6bwRZxX9wBlIc5M/v8CCkXUbXZL4N/nSE97cqg==

babel-runtime@6.x:
  version "6.26.0"
  resolved "https://registry.npmjs.org/babel-runtime/-/babel-runtime-6.26.0.tgz#965c7058668e82b55d7bfe04ff2337bc8b5647fe"
  integrity sha1-llxwWGaOgrVde/4E/yM3vItWR/4=
  dependencies:
    core-js "^2.4.0"
    regenerator-runtime "^0.11.0"

core-js@^2.4.0:
  version "2.6.12"
  resolved "https://registry.npmjs.org/core-js/-/core-js-2.6.12.tgz#d9333dfa7b065e347cc5682219d6f690859cc2ec"
  integrity sha512-Kb2wC0fvsWfQrgk8HU5lW6U/Lcs8+9aaYcy4ZFc6DDlo4nZ7n70dEgE5rtR0oG6ufKDUnrwfWL1mXR5ljDatrQ==

core-js@^3.15.2:
  version "3.16.1"
  resolved "https://registry.npmjs.org/core-js/-/core-js-3.16.1.tgz#f4485ce5c9f3c6a7cb18fa80488e08d362097249"
  integrity sha512-AAkP8i35EbefU+JddyWi12AWE9f2N/qr/pwnDtWz4nyUIBGMJPX99ANFFRSw6FefM374lDujdtLDyhN2A/btHw==

debug@=3.1.0:
  version "3.1.0"
  resolved "https://registry.npmjs.org/debug/-/debug-3.1.0.tgz#5bb5a0672628b64149566ba16819e61518c67261"
  integrity sha512-OX8XqP7/1a9cqkxYw2yXss15f26NKWBpDXQd0/uK/KPqdQhxbPa994hnzjcE2VqQpDslf55723cKPUOGSmMY3g==
  dependencies:
    ms "2.0.0"

deepmerge@^1.2.0:
  version "1.5.2"
  resolved "https://registry.npmjs.org/deepmerge/-/deepmerge-1.5.2.tgz#10499d868844cdad4fee0842df8c7f6f0c95a753"
  integrity sha512-95k0GDqvBjZavkuvzx/YqVLv/6YYa17fz6ILMSf7neqQITCPbnfEnQvEgMPNjH4kgobe7+WIL0yJEHku+H3qtQ==

element-ui@^2.15.3:
  version "2.15.5"
  resolved "https://registry.npmjs.org/element-ui/-/element-ui-2.15.5.tgz#dfb376dc5cd60adab21c991bd4fac3e67e5300f4"
  integrity sha512-B/YCdz2aRY2WnFXzbTRTHPKZHBD/2KV6u88EBnkaARC/Lyxnap+7vpvrcW5UNTyVwjItS5Fj1eQyRy6236lbXg==
  dependencies:
    async-validator "~1.8.1"
    babel-helper-vue-jsx-merge-props "^2.0.0"
    deepmerge "^1.2.0"
    normalize-wheel "^1.0.1"
    resize-observer-polyfill "^1.5.0"
    throttle-debounce "^1.0.1"

follow-redirects@1.5.10:
  version "1.5.10"
  resolved "https://registry.npmjs.org/follow-redirects/-/follow-redirects-1.5.10.tgz#7b7a9f9aea2fdff36786a94ff643ed07f4ff5e2a"
  integrity sha512-0V5l4Cizzvqt5D44aTXbFZz+FtyXV1vrDN6qrelxtfYQKW0KO0W2T/hkE8xvGa/540LkZlkaUjO4ailYTFtHVQ==
  dependencies:
    debug "=3.1.0"

import-html-entry@^1.9.0:
  version "1.11.1"
  resolved "https://registry.npmjs.org/import-html-entry/-/import-html-entry-1.11.1.tgz#3d8c5977926bdd122ab8e658965c102068b4af8d"
  integrity sha512-O7mCUTwKdYU49/LH6nq1adWPnUlZQpKeGWIEcDq07KTcqP/v0jBLEIVc0oE0Mtlw3CEe0eeKGMyhl6LwfXCV7A==
  dependencies:
    "@babel/runtime" "^7.7.2"

js-cookie@^2.2.1:
  version "2.2.1"
  resolved "https://registry.npmjs.org/js-cookie/-/js-cookie-2.2.1.tgz#69e106dc5d5806894562902aa5baec3744e9b2b8"
  integrity sha512-HvdH2LzI/EAZcUwA8+0nKNtWHqS+ZmijLA30RwZA0bo7ToCckjK5MkGhjED9KoRcXO6BaGI3I9UIzSA1FKFPOQ==

lodash@^4.17.11:
  version "4.17.21"
  resolved "https://registry.npmjs.org/lodash/-/lodash-4.17.21.tgz#679591c564c3bffaae8454cf0b3df370c3d6911c"
  integrity sha512-v2kDEe57lecTulaDIuNTPy3Ry4gLGJ6Z1O3vE1krgXZNrsQ+LFTGHVxVjcXPs17LhbZVGedAJv8XZ1tvj5FvSg==

ms@2.0.0:
  version "2.0.0"
  resolved "https://registry.npmjs.org/ms/-/ms-2.0.0.tgz#5608aeadfc00be6c2901df5f9861788de0d597c8"
  integrity sha1-VgiurfwAvmwpAd9fmGF4jeDVl8g=

normalize-wheel@^1.0.1:
  version "1.0.1"
  resolved "https://registry.npmjs.org/normalize-wheel/-/normalize-wheel-1.0.1.tgz#aec886affdb045070d856447df62ecf86146ec45"
  integrity sha1-rsiGr/2wRQcNhWRH32Ls+GFG7EU=

qiankun@^2.2.0:
  version "2.4.6"
  resolved "https://registry.npmjs.org/qiankun/-/qiankun-2.4.6.tgz#a24799b5ad25c38f54323d0f2bf8460495018a10"
  integrity sha512-NdZK50wS3WIx9T/1uSLDF6bWEc5DahOdvpEqusCCNT1tO01YzT6JfDjZDGLl9p0oBIGu1u8IRvKlMVSyJCLVlg==
  dependencies:
    "@babel/runtime" "^7.10.5"
    import-html-entry "^1.9.0"
    lodash "^4.17.11"
    single-spa "^5.9.2"
    tslib "^1.10.0"

regenerator-runtime@^0.11.0:
  version "0.11.1"
  resolved "https://registry.npmjs.org/regenerator-runtime/-/regenerator-runtime-0.11.1.tgz#be05ad7f9bf7d22e056f9726cee5017fbf19e2e9"
  integrity sha512-MguG95oij0fC3QV3URf4V2SDYGJhJnJGqvIIgdECeODCT98wSWDAJ94SSuVpYQUoTcGUIL6L4yNB7j1DFFHSBg==

regenerator-runtime@^0.13.4:
  version "0.13.9"
  resolved "https://registry.npmjs.org/regenerator-runtime/-/regenerator-runtime-0.13.9.tgz#8925742a98ffd90814988d7566ad30ca3b263b52"
  integrity sha512-p3VT+cOEgxFsRRA9X4lkI1E+k2/CtnKtU4gcxyaCUreilL/vqI6CdZ3wxVUx3UOUg+gnUOQQcRI7BmSI656MYA==

resize-observer-polyfill@^1.5.0:
  version "1.5.1"
  resolved "https://registry.npmjs.org/resize-observer-polyfill/-/resize-observer-polyfill-1.5.1.tgz#0e9020dd3d21024458d4ebd27e23e40269810464"
  integrity sha512-LwZrotdHOo12nQuZlHEmtuXdqGoOD0OhaxopaNFxWzInpEgaLWoVuAMbTzixuosCx2nEG58ngzW3vxdWoxIgdg==

single-spa@^5.9.2:
  version "5.9.3"
  resolved "https://registry.npmjs.org/single-spa/-/single-spa-5.9.3.tgz#2d151cbb3b273629a5b27b30a3b8ca847dcba4c5"
  integrity sha512-qMGraRzIBsodV6569Fob4cQ4/yQNrcZ5Achh3SAQDljmqUtjAZ7BAA7GAyO/l5eizb7GtTmVq9Di7ORyKw82CQ==

throttle-debounce@^1.0.1:
  version "1.1.0"
  resolved "https://registry.npmjs.org/throttle-debounce/-/throttle-debounce-1.1.0.tgz#51853da37be68a155cb6e827b3514a3c422e89cd"
  integrity sha512-XH8UiPCQcWNuk2LYePibW/4qL97+ZQ1AN3FNXwZRBNPPowo/NRU5fAlDCSNBJIYCKbioZfuYtMhG4quqoJhVzg==

tslib@^1.10.0:
  version "1.14.1"
  resolved "https://registry.npmjs.org/tslib/-/tslib-1.14.1.tgz#cf2d38bdc34a134bcaf1091c41f6619e2f672d00"
  integrity sha512-Xni35NKzjgMrwevysHTCArtLDpPvye8zV/0E4EyYn43P7/7qvQwPh9BGkHewbMulVntbigmcT7rdX3BNo9wRJg==
